// !$*UTF8*$!
{
	archiveVersion = 1;
	classes = {
	};
	objectVersion = 56;
	objects = {

/* Begin PBXBuildFile section */
		419CF0142B8DD0D300C992FB /* AppDelegate.swift in Sources */ = {isa = PBXBuildFile; fileRef = 419CF0132B8DD0D300C992FB /* AppDelegate.swift */; };
		419CF0162B8DD0D300C992FB /* SceneDelegate.swift in Sources */ = {isa = PBXBuildFile; fileRef = 419CF0152B8DD0D300C992FB /* SceneDelegate.swift */; };
		419CF01D2B8DD0D500C992FB /* Assets.xcassets in Resources */ = {isa = PBXBuildFile; fileRef = 419CF01C2B8DD0D500C992FB /* Assets.xcassets */; };
		419CF0202B8DD0D500C992FB /* LaunchScreen.storyboard in Resources */ = {isa = PBXBuildFile; fileRef = 419CF01E2B8DD0D500C992FB /* LaunchScreen.storyboard */; };
		419CF02B2B8DD0D600C992FB /* GHFollowersTests.swift in Sources */ = {isa = PBXBuildFile; fileRef = 419CF02A2B8DD0D600C992FB /* GHFollowersTests.swift */; };
		419CF0352B8DD0D600C992FB /* GHFollowersUITests.swift in Sources */ = {isa = PBXBuildFile; fileRef = 419CF0342B8DD0D600C992FB /* GHFollowersUITests.swift */; };
		419CF0372B8DD0D600C992FB /* GHFollowersUITestsLaunchTests.swift in Sources */ = {isa = PBXBuildFile; fileRef = 419CF0362B8DD0D600C992FB /* GHFollowersUITestsLaunchTests.swift */; };
		419CF0442B8DD6E200C992FB /* SearchVC.swift in Sources */ = {isa = PBXBuildFile; fileRef = 419CF0432B8DD6E200C992FB /* SearchVC.swift */; };
		419CF0462B8DD75300C992FB /* FavouritesListVC.swift in Sources */ = {isa = PBXBuildFile; fileRef = 419CF0452B8DD75300C992FB /* FavouritesListVC.swift */; };
		41C5D7372B96321D001B2476 /* GFButton.swift in Sources */ = {isa = PBXBuildFile; fileRef = 41C5D7362B96321D001B2476 /* GFButton.swift */; };
		41C5D7392B963DCB001B2476 /* GFTextField.swift in Sources */ = {isa = PBXBuildFile; fileRef = 41C5D7382B963DCA001B2476 /* GFTextField.swift */; };
		41C5D73B2B96544D001B2476 /* FollowerListVC.swift in Sources */ = {isa = PBXBuildFile; fileRef = 41C5D73A2B96544D001B2476 /* FollowerListVC.swift */; };
/* End PBXBuildFile section */

/* Begin PBXContainerItemProxy section */
		419CF0272B8DD0D600C992FB /* PBXContainerItemProxy */ = {
			isa = PBXContainerItemProxy;
			containerPortal = 419CF0082B8DD0D200C992FB /* Project object */;
			proxyType = 1;
			remoteGlobalIDString = 419CF00F2B8DD0D200C992FB;
			remoteInfo = GHFollowers;
		};
		419CF0312B8DD0D600C992FB /* PBXContainerItemProxy */ = {
			isa = PBXContainerItemProxy;
			containerPortal = 419CF0082B8DD0D200C992FB /* Project object */;
			proxyType = 1;
			remoteGlobalIDString = 419CF00F2B8DD0D200C992FB;
			remoteInfo = GHFollowers;
		};
/* End PBXContainerItemProxy section */

/* Begin PBXFileReference section */
		419CF0102B8DD0D300C992FB /* GHFollowers.app */ = {isa = PBXFileReference; explicitFileType = wrapper.application; includeInIndex = 0; path = GHFollowers.app; sourceTree = BUILT_PRODUCTS_DIR; };
		419CF0132B8DD0D300C992FB /* AppDelegate.swift */ = {isa = PBXFileReference; lastKnownFileType = sourcecode.swift; path = AppDelegate.swift; sourceTree = "<group>"; };
		419CF0152B8DD0D300C992FB /* SceneDelegate.swift */ = {isa = PBXFileReference; lastKnownFileType = sourcecode.swift; path = SceneDelegate.swift; sourceTree = "<group>"; };
		419CF01C2B8DD0D500C992FB /* Assets.xcassets */ = {isa = PBXFileReference; lastKnownFileType = folder.assetcatalog; path = Assets.xcassets; sourceTree = "<group>"; };
		419CF01F2B8DD0D500C992FB /* Base */ = {isa = PBXFileReference; lastKnownFileType = file.storyboard; name = Base; path = Base.lproj/LaunchScreen.storyboard; sourceTree = "<group>"; };
		419CF0212B8DD0D500C992FB /* Info.plist */ = {isa = PBXFileReference; lastKnownFileType = text.plist.xml; path = Info.plist; sourceTree = "<group>"; };
		419CF0262B8DD0D600C992FB /* GHFollowersTests.xctest */ = {isa = PBXFileReference; explicitFileType = wrapper.cfbundle; includeInIndex = 0; path = GHFollowersTests.xctest; sourceTree = BUILT_PRODUCTS_DIR; };
		419CF02A2B8DD0D600C992FB /* GHFollowersTests.swift */ = {isa = PBXFileReference; lastKnownFileType = sourcecode.swift; path = GHFollowersTests.swift; sourceTree = "<group>"; };
		419CF0302B8DD0D600C992FB /* GHFollowersUITests.xctest */ = {isa = PBXFileReference; explicitFileType = wrapper.cfbundle; includeInIndex = 0; path = GHFollowersUITests.xctest; sourceTree = BUILT_PRODUCTS_DIR; };
		419CF0342B8DD0D600C992FB /* GHFollowersUITests.swift */ = {isa = PBXFileReference; lastKnownFileType = sourcecode.swift; path = GHFollowersUITests.swift; sourceTree = "<group>"; };
		419CF0362B8DD0D600C992FB /* GHFollowersUITestsLaunchTests.swift */ = {isa = PBXFileReference; lastKnownFileType = sourcecode.swift; path = GHFollowersUITestsLaunchTests.swift; sourceTree = "<group>"; };
		419CF0432B8DD6E200C992FB /* SearchVC.swift */ = {isa = PBXFileReference; lastKnownFileType = sourcecode.swift; path = SearchVC.swift; sourceTree = "<group>"; };
		419CF0452B8DD75300C992FB /* FavouritesListVC.swift */ = {isa = PBXFileReference; lastKnownFileType = sourcecode.swift; path = FavouritesListVC.swift; sourceTree = "<group>"; };
		41C5D7362B96321D001B2476 /* GFButton.swift */ = {isa = PBXFileReference; lastKnownFileType = sourcecode.swift; path = GFButton.swift; sourceTree = "<group>"; };
		41C5D7382B963DCA001B2476 /* GFTextField.swift */ = {isa = PBXFileReference; lastKnownFileType = sourcecode.swift; path = GFTextField.swift; sourceTree = "<group>"; };
		41C5D73A2B96544D001B2476 /* FollowerListVC.swift */ = {isa = PBXFileReference; lastKnownFileType = sourcecode.swift; path = FollowerListVC.swift; sourceTree = "<group>"; };
/* End PBXFileReference section */

/* Begin PBXFrameworksBuildPhase section */
		419CF00D2B8DD0D200C992FB /* Frameworks */ = {
			isa = PBXFrameworksBuildPhase;
			buildActionMask = 2147483647;
			files = (
			);
			runOnlyForDeploymentPostprocessing = 0;
		};
		419CF0232B8DD0D600C992FB /* Frameworks */ = {
			isa = PBXFrameworksBuildPhase;
			buildActionMask = 2147483647;
			files = (
			);
			runOnlyForDeploymentPostprocessing = 0;
		};
		419CF02D2B8DD0D600C992FB /* Frameworks */ = {
			isa = PBXFrameworksBuildPhase;
			buildActionMask = 2147483647;
			files = (
			);
			runOnlyForDeploymentPostprocessing = 0;
		};
/* End PBXFrameworksBuildPhase section */

/* Begin PBXGroup section */
		419CF0072B8DD0D200C992FB = {
			isa = PBXGroup;
			children = (
				419CF0122B8DD0D300C992FB /* GHFollowers */,
				419CF0292B8DD0D600C992FB /* GHFollowersTests */,
				419CF0332B8DD0D600C992FB /* GHFollowersUITests */,
				419CF0112B8DD0D300C992FB /* Products */,
			);
			sourceTree = "<group>";
		};
		419CF0112B8DD0D300C992FB /* Products */ = {
			isa = PBXGroup;
			children = (
				419CF0102B8DD0D300C992FB /* GHFollowers.app */,
				419CF0262B8DD0D600C992FB /* GHFollowersTests.xctest */,
				419CF0302B8DD0D600C992FB /* GHFollowersUITests.xctest */,
			);
			name = Products;
			sourceTree = "<group>";
		};
		419CF0122B8DD0D300C992FB /* GHFollowers */ = {
			isa = PBXGroup;
			children = (
				419CF0132B8DD0D300C992FB /* AppDelegate.swift */,
				419CF0152B8DD0D300C992FB /* SceneDelegate.swift */,
				419CF01C2B8DD0D500C992FB /* Assets.xcassets */,
				419CF01E2B8DD0D500C992FB /* LaunchScreen.storyboard */,
				419CF0212B8DD0D500C992FB /* Info.plist */,
				419CF0432B8DD6E200C992FB /* SearchVC.swift */,
				419CF0452B8DD75300C992FB /* FavouritesListVC.swift */,
				41C5D7362B96321D001B2476 /* GFButton.swift */,
				41C5D7382B963DCA001B2476 /* GFTextField.swift */,
				41C5D73A2B96544D001B2476 /* FollowerListVC.swift */,
			);
			path = GHFollowers;
			sourceTree = "<group>";
		};
		419CF0292B8DD0D600C992FB /* GHFollowersTests */ = {
			isa = PBXGroup;
			children = (
				419CF02A2B8DD0D600C992FB /* GHFollowersTests.swift */,
			);
			path = GHFollowersTests;
			sourceTree = "<group>";
		};
		419CF0332B8DD0D600C992FB /* GHFollowersUITests */ = {
			isa = PBXGroup;
			children = (
				419CF0342B8DD0D600C992FB /* GHFollowersUITests.swift */,
				419CF0362B8DD0D600C992FB /* GHFollowersUITestsLaunchTests.swift */,
			);
			path = GHFollowersUITests;
			sourceTree = "<group>";
		};
/* End PBXGroup section */

/* Begin PBXNativeTarget section */
		419CF00F2B8DD0D200C992FB /* GHFollowers */ = {
			isa = PBXNativeTarget;
			buildConfigurationList = 419CF03A2B8DD0D600C992FB /* Build configuration list for PBXNativeTarget "GHFollowers" */;
			buildPhases = (
				419CF00C2B8DD0D200C992FB /* Sources */,
				419CF00D2B8DD0D200C992FB /* Frameworks */,
				419CF00E2B8DD0D200C992FB /* Resources */,
			);
			buildRules = (
			);
			dependencies = (
			);
			name = GHFollowers;
			productName = GHFollowers;
			productReference = 419CF0102B8DD0D300C992FB /* GHFollowers.app */;
			productType = "com.apple.product-type.application";
		};
		419CF0252B8DD0D600C992FB /* GHFollowersTests */ = {
			isa = PBXNativeTarget;
			buildConfigurationList = 419CF03D2B8DD0D600C992FB /* Build configuration list for PBXNativeTarget "GHFollowersTests" */;
			buildPhases = (
				419CF0222B8DD0D600C992FB /* Sources */,
				419CF0232B8DD0D600C992FB /* Frameworks */,
				419CF0242B8DD0D600C992FB /* Resources */,
			);
			buildRules = (
			);
			dependencies = (
				419CF0282B8DD0D600C992FB /* PBXTargetDependency */,
			);
			name = GHFollowersTests;
			productName = GHFollowersTests;
			productReference = 419CF0262B8DD0D600C992FB /* GHFollowersTests.xctest */;
			productType = "com.apple.product-type.bundle.unit-test";
		};
		419CF02F2B8DD0D600C992FB /* GHFollowersUITests */ = {
			isa = PBXNativeTarget;
			buildConfigurationList = 419CF0402B8DD0D600C992FB /* Build configuration list for PBXNativeTarget "GHFollowersUITests" */;
			buildPhases = (
				419CF02C2B8DD0D600C992FB /* Sources */,
				419CF02D2B8DD0D600C992FB /* Frameworks */,
				419CF02E2B8DD0D600C992FB /* Resources */,
			);
			buildRules = (
			);
			dependencies = (
				419CF0322B8DD0D600C992FB /* PBXTargetDependency */,
			);
			name = GHFollowersUITests;
			productName = GHFollowersUITests;
			productReference = 419CF0302B8DD0D600C992FB /* GHFollowersUITests.xctest */;
			productType = "com.apple.product-type.bundle.ui-testing";
		};
/* End PBXNativeTarget section */

/* Begin PBXProject section */
		419CF0082B8DD0D200C992FB /* Project object */ = {
			isa = PBXProject;
			attributes = {
				BuildIndependentTargetsInParallel = 1;
				LastSwiftUpdateCheck = 1420;
				LastUpgradeCheck = 1420;
				TargetAttributes = {
					419CF00F2B8DD0D200C992FB = {
						CreatedOnToolsVersion = 14.2;
					};
					419CF0252B8DD0D600C992FB = {
						CreatedOnToolsVersion = 14.2;
						TestTargetID = 419CF00F2B8DD0D200C992FB;
					};
					419CF02F2B8DD0D600C992FB = {
						CreatedOnToolsVersion = 14.2;
						TestTargetID = 419CF00F2B8DD0D200C992FB;
					};
				};
			};
			buildConfigurationList = 419CF00B2B8DD0D200C992FB /* Build configuration list for PBXProject "GHFollowers" */;
			compatibilityVersion = "Xcode 14.0";
			developmentRegion = en;
			hasScannedForEncodings = 0;
			knownRegions = (
				en,
				Base,
			);
			mainGroup = 419CF0072B8DD0D200C992FB;
			productRefGroup = 419CF0112B8DD0D300C992FB /* Products */;
			projectDirPath = "";
			projectRoot = "";
			targets = (
				419CF00F2B8DD0D200C992FB /* GHFollowers */,
				419CF0252B8DD0D600C992FB /* GHFollowersTests */,
				419CF02F2B8DD0D600C992FB /* GHFollowersUITests */,
			);
		};
/* End PBXProject section */

/* Begin PBXResourcesBuildPhase section */
		419CF00E2B8DD0D200C992FB /* Resources */ = {
			isa = PBXResourcesBuildPhase;
			buildActionMask = 2147483647;
			files = (
				419CF0202B8DD0D500C992FB /* LaunchScreen.storyboard in Resources */,
				419CF01D2B8DD0D500C992FB /* Assets.xcassets in Resources */,
			);
			runOnlyForDeploymentPostprocessing = 0;
		};
		419CF0242B8DD0D600C992FB /* Resources */ = {
			isa = PBXResourcesBuildPhase;
			buildActionMask = 2147483647;
			files = (
			);
			runOnlyForDeploymentPostprocessing = 0;
		};
		419CF02E2B8DD0D600C992FB /* Resources */ = {
			isa = PBXResourcesBuildPhase;
			buildActionMask = 2147483647;
			files = (
			);
			runOnlyForDeploymentPostprocessing = 0;
		};
/* End PBXResourcesBuildPhase section */

/* Begin PBXSourcesBuildPhase section */
		419CF00C2B8DD0D200C992FB /* Sources */ = {
			isa = PBXSourcesBuildPhase;
			buildActionMask = 2147483647;
			files = (
				419CF0442B8DD6E200C992FB /* SearchVC.swift in Sources */,
				41C5D7372B96321D001B2476 /* GFButton.swift in Sources */,
				41C5D73B2B96544D001B2476 /* FollowerListVC.swift in Sources */,
				41C5D7392B963DCB001B2476 /* GFTextField.swift in Sources */,
				419CF0142B8DD0D300C992FB /* AppDelegate.swift in Sources */,
				419CF0162B8DD0D300C992FB /* SceneDelegate.swift in Sources */,
				419CF0462B8DD75300C992FB /* FavouritesListVC.swift in Sources */,
			);
			runOnlyForDeploymentPostprocessing = 0;
		};
		419CF0222B8DD0D600C992FB /* Sources */ = {
			isa = PBXSourcesBuildPhase;
			buildActionMask = 2147483647;
			files = (
				419CF02B2B8DD0D600C992FB /* GHFollowersTests.swift in Sources */,
			);
			runOnlyForDeploymentPostprocessing = 0;
		};
		419CF02C2B8DD0D600C992FB /* Sources */ = {
			isa = PBXSourcesBuildPhase;
			buildActionMask = 2147483647;
			files = (
				419CF0352B8DD0D600C992FB /* GHFollowersUITests.swift in Sources */,
				419CF0372B8DD0D600C992FB /* GHFollowersUITestsLaunchTests.swift in Sources */,
			);
			runOnlyForDeploymentPostprocessing = 0;
		};
/* End PBXSourcesBuildPhase section */

/* Begin PBXTargetDependency section */
		419CF0282B8DD0D600C992FB /* PBXTargetDependency */ = {
			isa = PBXTargetDependency;
			target = 419CF00F2B8DD0D200C992FB /* GHFollowers */;
			targetProxy = 419CF0272B8DD0D600C992FB /* PBXContainerItemProxy */;
		};
		419CF0322B8DD0D600C992FB /* PBXTargetDependency */ = {
			isa = PBXTargetDependency;
			target = 419CF00F2B8DD0D200C992FB /* GHFollowers */;
			targetProxy = 419CF0312B8DD0D600C992FB /* PBXContainerItemProxy */;
		};
/* End PBXTargetDependency section */

/* Begin PBXVariantGroup section */
		419CF01E2B8DD0D500C992FB /* LaunchScreen.storyboard */ = {
			isa = PBXVariantGroup;
			children = (
				419CF01F2B8DD0D500C992FB /* Base */,
			);
			name = LaunchScreen.storyboard;
			sourceTree = "<group>";
		};
/* End PBXVariantGroup section */

/* Begin XCBuildConfiguration section */
		419CF0382B8DD0D600C992FB /* Debug */ = {
			isa = XCBuildConfiguration;
			buildSettings = {
				ALWAYS_SEARCH_USER_PATHS = NO;
				CLANG_ANALYZER_NONNULL = YES;
				CLANG_ANALYZER_NUMBER_OBJECT_CONVERSION = YES_AGGRESSIVE;
				CLANG_CXX_LANGUAGE_STANDARD = "gnu++20";
				CLANG_ENABLE_MODULES = YES;
				CLANG_ENABLE_OBJC_ARC = YES;
				CLANG_ENABLE_OBJC_WEAK = YES;
				CLANG_WARN_BLOCK_CAPTURE_AUTORELEASING = YES;
				CLANG_WARN_BOOL_CONVERSION = YES;
				CLANG_WARN_COMMA = YES;
				CLANG_WARN_CONSTANT_CONVERSION = YES;
				CLANG_WARN_DEPRECATED_OBJC_IMPLEMENTATIONS = YES;
				CLANG_WARN_DIRECT_OBJC_ISA_USAGE = YES_ERROR;
				CLANG_WARN_DOCUMENTATION_COMMENTS = YES;
				CLANG_WARN_EMPTY_BODY = YES;
				CLANG_WARN_ENUM_CONVERSION = YES;
				CLANG_WARN_INFINITE_RECURSION = YES;
				CLANG_WARN_INT_CONVERSION = YES;
				CLANG_WARN_NON_LITERAL_NULL_CONVERSION = YES;
				CLANG_WARN_OBJC_IMPLICIT_RETAIN_SELF = YES;
				CLANG_WARN_OBJC_LITERAL_CONVERSION = YES;
				CLANG_WARN_OBJC_ROOT_CLASS = YES_ERROR;
				CLANG_WARN_QUOTED_INCLUDE_IN_FRAMEWORK_HEADER = YES;
				CLANG_WARN_RANGE_LOOP_ANALYSIS = YES;
				CLANG_WARN_STRICT_PROTOTYPES = YES;
				CLANG_WARN_SUSPICIOUS_MOVE = YES;
				CLANG_WARN_UNGUARDED_AVAILABILITY = YES_AGGRESSIVE;
				CLANG_WARN_UNREACHABLE_CODE = YES;
				CLANG_WARN__DUPLICATE_METHOD_MATCH = YES;
				COPY_PHASE_STRIP = NO;
				DEBUG_INFORMATION_FORMAT = dwarf;
				ENABLE_STRICT_OBJC_MSGSEND = YES;
				ENABLE_TESTABILITY = YES;
				GCC_C_LANGUAGE_STANDARD = gnu11;
				GCC_DYNAMIC_NO_PIC = NO;
				GCC_NO_COMMON_BLOCKS = YES;
				GCC_OPTIMIZATION_LEVEL = 0;
				GCC_PREPROCESSOR_DEFINITIONS = (
					"DEBUG=1",
					"$(inherited)",
				);
				GCC_WARN_64_TO_32_BIT_CONVERSION = YES;
				GCC_WARN_ABOUT_RETURN_TYPE = YES_ERROR;
				GCC_WARN_UNDECLARED_SELECTOR = YES;
				GCC_WARN_UNINITIALIZED_AUTOS = YES_AGGRESSIVE;
				GCC_WARN_UNUSED_FUNCTION = YES;
				GCC_WARN_UNUSED_VARIABLE = YES;
				IPHONEOS_DEPLOYMENT_TARGET = 16.2;
				MTL_ENABLE_DEBUG_INFO = INCLUDE_SOURCE;
				MTL_FAST_MATH = YES;
				ONLY_ACTIVE_ARCH = YES;
				SDKROOT = iphoneos;
				SWIFT_ACTIVE_COMPILATION_CONDITIONS = DEBUG;
				SWIFT_OPTIMIZATION_LEVEL = "-Onone";
			};
			name = Debug;
		};
		419CF0392B8DD0D600C992FB /* Release */ = {
			isa = XCBuildConfiguration;
			buildSettings = {
				ALWAYS_SEARCH_USER_PATHS = NO;
				CLANG_ANALYZER_NONNULL = YES;
				CLANG_ANALYZER_NUMBER_OBJECT_CONVERSION = YES_AGGRESSIVE;
				CLANG_CXX_LANGUAGE_STANDARD = "gnu++20";
				CLANG_ENABLE_MODULES = YES;
				CLANG_ENABLE_OBJC_ARC = YES;
				CLANG_ENABLE_OBJC_WEAK = YES;
				CLANG_WARN_BLOCK_CAPTURE_AUTORELEASING = YES;
				CLANG_WARN_BOOL_CONVERSION = YES;
				CLANG_WARN_COMMA = YES;
				CLANG_WARN_CONSTANT_CONVERSION = YES;
				CLANG_WARN_DEPRECATED_OBJC_IMPLEMENTATIONS = YES;
				CLANG_WARN_DIRECT_OBJC_ISA_USAGE = YES_ERROR;
				CLANG_WARN_DOCUMENTATION_COMMENTS = YES;
				CLANG_WARN_EMPTY_BODY = YES;
				CLANG_WARN_ENUM_CONVERSION = YES;
				CLANG_WARN_INFINITE_RECURSION = YES;
				CLANG_WARN_INT_CONVERSION = YES;
				CLANG_WARN_NON_LITERAL_NULL_CONVERSION = YES;
				CLANG_WARN_OBJC_IMPLICIT_RETAIN_SELF = YES;
				CLANG_WARN_OBJC_LITERAL_CONVERSION = YES;
				CLANG_WARN_OBJC_ROOT_CLASS = YES_ERROR;
				CLANG_WARN_QUOTED_INCLUDE_IN_FRAMEWORK_HEADER = YES;
				CLANG_WARN_RANGE_LOOP_ANALYSIS = YES;
				CLANG_WARN_STRICT_PROTOTYPES = YES;
				CLANG_WARN_SUSPICIOUS_MOVE = YES;
				CLANG_WARN_UNGUARDED_AVAILABILITY = YES_AGGRESSIVE;
				CLANG_WARN_UNREACHABLE_CODE = YES;
				CLANG_WARN__DUPLICATE_METHOD_MATCH = YES;
				COPY_PHASE_STRIP = NO;
				DEBUG_INFORMATION_FORMAT = "dwarf-with-dsym";
				ENABLE_NS_ASSERTIONS = NO;
				ENABLE_STRICT_OBJC_MSGSEND = YES;
				GCC_C_LANGUAGE_STANDARD = gnu11;
				GCC_NO_COMMON_BLOCKS = YES;
				GCC_WARN_64_TO_32_BIT_CONVERSION = YES;
				GCC_WARN_ABOUT_RETURN_TYPE = YES_ERROR;
				GCC_WARN_UNDECLARED_SELECTOR = YES;
				GCC_WARN_UNINITIALIZED_AUTOS = YES_AGGRESSIVE;
				GCC_WARN_UNUSED_FUNCTION = YES;
				GCC_WARN_UNUSED_VARIABLE = YES;
				IPHONEOS_DEPLOYMENT_TARGET = 16.2;
				MTL_ENABLE_DEBUG_INFO = NO;
				MTL_FAST_MATH = YES;
				SDKROOT = iphoneos;
				SWIFT_COMPILATION_MODE = wholemodule;
				SWIFT_OPTIMIZATION_LEVEL = "-O";
				VALIDATE_PRODUCT = YES;
			};
			name = Release;
		};
		419CF03B2B8DD0D600C992FB /* Debug */ = {
			isa = XCBuildConfiguration;
			buildSettings = {
				ASSETCATALOG_COMPILER_APPICON_NAME = AppIcon;
				ASSETCATALOG_COMPILER_GLOBAL_ACCENT_COLOR_NAME = AccentColor;
				CODE_SIGN_STYLE = Automatic;
				CURRENT_PROJECT_VERSION = 1;
				GENERATE_INFOPLIST_FILE = YES;
				INFOPLIST_FILE = GHFollowers/Info.plist;
				INFOPLIST_KEY_UIApplicationSupportsIndirectInputEvents = YES;
				INFOPLIST_KEY_UILaunchStoryboardName = LaunchScreen;
				INFOPLIST_KEY_UIMainStoryboardFile = Main;
				INFOPLIST_KEY_UISupportedInterfaceOrientations = UIInterfaceOrientationPortrait;
				INFOPLIST_KEY_UISupportedInterfaceOrientations_iPad = "UIInterfaceOrientationLandscapeLeft UIInterfaceOrientationLandscapeRight UIInterfaceOrientationPortrait UIInterfaceOrientationPortraitUpsideDown";
				LD_RUNPATH_SEARCH_PATHS = (
					"$(inherited)",
					"@executable_path/Frameworks",
				);
				MARKETING_VERSION = 1.0;
				PRODUCT_BUNDLE_IDENTIFIER = com.example.GHFollowers;
				PRODUCT_NAME = "$(TARGET_NAME)";
				SWIFT_EMIT_LOC_STRINGS = YES;
				SWIFT_VERSION = 5.0;
				TARGETED_DEVICE_FAMILY = "1,2";
			};
			name = Debug;
		};
		419CF03C2B8DD0D600C992FB /* Release */ = {
			isa = XCBuildConfiguration;
			buildSettings = {
				ASSETCATALOG_COMPILER_APPICON_NAME = AppIcon;
				ASSETCATALOG_COMPILER_GLOBAL_ACCENT_COLOR_NAME = AccentColor;
				CODE_SIGN_STYLE = Automatic;
				CURRENT_PROJECT_VERSION = 1;
				GENERATE_INFOPLIST_FILE = YES;
				INFOPLIST_FILE = GHFollowers/Info.plist;
				INFOPLIST_KEY_UIApplicationSupportsIndirectInputEvents = YES;
				INFOPLIST_KEY_UILaunchStoryboardName = LaunchScreen;
				INFOPLIST_KEY_UIMainStoryboardFile = Main;
				INFOPLIST_KEY_UISupportedInterfaceOrientations = UIInterfaceOrientationPortrait;
				INFOPLIST_KEY_UISupportedInterfaceOrientations_iPad = "UIInterfaceOrientationLandscapeLeft UIInterfaceOrientationLandscapeRight UIInterfaceOrientationPortrait UIInterfaceOrientationPortraitUpsideDown";
				LD_RUNPATH_SEARCH_PATHS = (
					"$(inherited)",
					"@executable_path/Frameworks",
				);
				MARKETING_VERSION = 1.0;
				PRODUCT_BUNDLE_IDENTIFIER = com.example.GHFollowers;
				PRODUCT_NAME = "$(TARGET_NAME)";
				SWIFT_EMIT_LOC_STRINGS = YES;
				SWIFT_VERSION = 5.0;
				TARGETED_DEVICE_FAMILY = "1,2";
			};
			name = Release;
		};
		419CF03E2B8DD0D600C992FB /* Debug */ = {
			isa = XCBuildConfiguration;
			buildSettings = {
				ALWAYS_EMBED_SWIFT_STANDARD_LIBRARIES = YES;
				BUNDLE_LOADER = "$(TEST_HOST)";
				CODE_SIGN_STYLE = Automatic;
				CURRENT_PROJECT_VERSION = 1;
				GENERATE_INFOPLIST_FILE = YES;
				IPHONEOS_DEPLOYMENT_TARGET = 16.2;
				MARKETING_VERSION = 1.0;
				PRODUCT_BUNDLE_IDENTIFIER = com.example.GHFollowersTests;
				PRODUCT_NAME = "$(TARGET_NAME)";
				SWIFT_EMIT_LOC_STRINGS = NO;
				SWIFT_VERSION = 5.0;
				TARGETED_DEVICE_FAMILY = "1,2";
				TEST_HOST = "$(BUILT_PRODUCTS_DIR)/GHFollowers.app/$(BUNDLE_EXECUTABLE_FOLDER_PATH)/GHFollowers";
			};
			name = Debug;
		};
		419CF03F2B8DD0D600C992FB /* Release */ = {
			isa = XCBuildConfiguration;
			buildSettings = {
				ALWAYS_EMBED_SWIFT_STANDARD_LIBRARIES = YES;
				BUNDLE_LOADER = "$(TEST_HOST)";
				CODE_SIGN_STYLE = Automatic;
				CURRENT_PROJECT_VERSION = 1;
				GENERATE_INFOPLIST_FILE = YES;
				IPHONEOS_DEPLOYMENT_TARGET = 16.2;
				MARKETING_VERSION = 1.0;
				PRODUCT_BUNDLE_IDENTIFIER = com.example.GHFollowersTests;
				PRODUCT_NAME = "$(TARGET_NAME)";
				SWIFT_EMIT_LOC_STRINGS = NO;
				SWIFT_VERSION = 5.0;
				TARGETED_DEVICE_FAMILY = "1,2";
				TEST_HOST = "$(BUILT_PRODUCTS_DIR)/GHFollowers.app/$(BUNDLE_EXECUTABLE_FOLDER_PATH)/GHFollowers";
			};
			name = Release;
		};
		419CF0412B8DD0D600C992FB /* Debug */ = {
			isa = XCBuildConfiguration;
			buildSettings = {
				ALWAYS_EMBED_SWIFT_STANDARD_LIBRARIES = YES;
				CODE_SIGN_STYLE = Automatic;
				CURRENT_PROJECT_VERSION = 1;
				GENERATE_INFOPLIST_FILE = YES;
				MARKETING_VERSION = 1.0;
				PRODUCT_BUNDLE_IDENTIFIER = com.example.GHFollowersUITests;
				PRODUCT_NAME = "$(TARGET_NAME)";
				SWIFT_EMIT_LOC_STRINGS = NO;
				SWIFT_VERSION = 5.0;
				TARGETED_DEVICE_FAMILY = "1,2";
				TEST_TARGET_NAME = GHFollowers;
			};
			name = Debug;
		};
		419CF0422B8DD0D600C992FB /* Release */ = {
			isa = XCBuildConfiguration;
			buildSettings = {
				ALWAYS_EMBED_SWIFT_STANDARD_LIBRARIES = YES;
				CODE_SIGN_STYLE = Automatic;
				CURRENT_PROJECT_VERSION = 1;
				GENERATE_INFOPLIST_FILE = YES;
				MARKETING_VERSION = 1.0;
				PRODUCT_BUNDLE_IDENTIFIER = com.example.GHFollowersUITests;
				PRODUCT_NAME = "$(TARGET_NAME)";
				SWIFT_EMIT_LOC_STRINGS = NO;
				SWIFT_VERSION = 5.0;
				TARGETED_DEVICE_FAMILY = "1,2";
				TEST_TARGET_NAME = GHFollowers;
			};
			name = Release;
		};
/* End XCBuildConfiguration section */

/* Begin XCConfigurationList section */
		419CF00B2B8DD0D200C992FB /* Build configuration list for PBXProject "GHFollowers" */ = {
			isa = XCConfigurationList;
			buildConfigurations = (
				419CF0382B8DD0D600C992FB /* Debug */,
				419CF0392B8DD0D600C992FB /* Release */,
			);
			defaultConfigurationIsVisible = 0;
			defaultConfigurationName = Release;
		};
		419CF03A2B8DD0D600C992FB /* Build configuration list for PBXNativeTarget "GHFollowers" */ = {
			isa = XCConfigurationList;
			buildConfigurations = (
				419CF03B2B8DD0D600C992FB /* Debug */,
				419CF03C2B8DD0D600C992FB /* Release */,
			);
			defaultConfigurationIsVisible = 0;
			defaultConfigurationName = Release;
		};
		419CF03D2B8DD0D600C992FB /* Build configuration list for PBXNativeTarget "GHFollowersTests" */ = {
			isa = XCConfigurationList;
			buildConfigurations = (
				419CF03E2B8DD0D600C992FB /* Debug */,
				419CF03F2B8DD0D600C992FB /* Release */,
			);
			defaultConfigurationIsVisible = 0;
			defaultConfigurationName = Release;
		};
		419CF0402B8DD0D600C992FB /* Build configuration list for PBXNativeTarget "GHFollowersUITests" */ = {
			isa = XCConfigurationList;
			buildConfigurations = (
				419CF0412B8DD0D600C992FB /* Debug */,
				419CF0422B8DD0D600C992FB /* Release */,
			);
			defaultConfigurationIsVisible = 0;
			defaultConfigurationName = Release;
		};
/* End XCConfigurationList section */
	};
	rootObject = 419CF0082B8DD0D200C992FB /* Project object */;
}
